{
  "name": "ciber-games-punk-store",
  "version": "0.1.0",
  "lockfileVersion": 1,
  "requires": true,
  "dependencies": {
    "prettier": {
      "version": "3.6.2",
      "resolved": "https://registry.npmjs.org/prettier/-/prettier-3.6.2.tgz",
      "integrity": "sha512-I7AIg5boAr5R0FFtJ6rCfD+LFsWHp81dolrFD8S79U9tb8Az2nGrJncnMSnys+bpQJfRUzqs9hnA81OAA3hCuQ==",
      "dev": true
    },
    "prettier-plugin-tailwindcss": {
      "version": "0.6.14",
      "resolved": "https://registry.npmjs.org/prettier-plugin-tailwindcss/-/prettier-plugin-tailwindcss-0.6.14.tgz",
      "integrity": "sha512-pi2e/+ZygeIqntN+vC573BcW5Cve8zUB0SSAGxqpB4f96boZF4M3phPVoOFCeypwkpRYdi7+jQ5YJJUwrkGUAg==",
      "dev": true
    },
    "@next/swc-darwin-arm64": {
      "version": "14.2.12",
      "resolved": "https://registry.npmjs.org/@next/swc-darwin-arm64/-/swc-darwin-arm64-14.2.12.tgz",
      "integrity": "sha512-crHJ9UoinXeFbHYNok6VZqjKnd8rTd7K3Z2zpyzF1ch7vVNKmhjv/V7EHxep3ILoN8JB9AdRn/EtVVyG9AkCXw==",
      "optional": true
    },
    "@next/swc-darwin-x64": {
      "version": "14.2.12",
      "resolved": "https://registry.npmjs.org/@next/swc-darwin-x64/-/swc-darwin-x64-14.2.12.tgz",
      "integrity": "sha512-JbEaGbWq18BuNBO+lCtKfxl563Uw9oy2TodnN2ioX00u7V1uzrsSUcg3Ep9ce+P0Z9es+JmsvL2/rLphz+Frcw==",
      "optional": true
    },
    "@next/swc-linux-arm64-gnu": {
      "version": "14.2.12",
      "resolved": "https://registry.npmjs.org/@next/swc-linux-arm64-gnu/-/swc-linux-arm64-gnu-14.2.12.tgz",
      "integrity": "sha512-qBy7OiXOqZrdp88QEl2H4fWalMGnSCrr1agT/AVDndlyw2YJQA89f3ttR/AkEIP9EkBXXeGl6cC72/EZT5r6rw==",
      "optional": true
    },
    "@next/swc-linux-arm64-musl": {
      "version": "14.2.12",
      "resolved": "https://registry.npmjs.org/@next/swc-linux-arm64-musl/-/swc-linux-arm64-musl-14.2.12.tgz",
      "integrity": "sha512-EfD9L7o9biaQxjwP1uWXnk3vYZi64NVcKUN83hpVkKocB7ogJfyH2r7o1pPnMtir6gHZiGCeHKagJ0yrNSLNHw==",
      "optional": true
    },
    "@next/swc-linux-x64-gnu": {
      "version": "14.2.12",
      "resolved": "https://registry.npmjs.org/@next/swc-linux-x64-gnu/-/swc-linux-x64-gnu-14.2.12.tgz",
      "integrity": "sha512-iQ+n2pxklJew9IpE47hE/VgjmljlHqtcD5UhZVeHICTPbLyrgPehaKf2wLRNjYH75udroBNCgrSSVSVpAbNoYw==",
      "optional": true
    },
    "@next/swc-linux-x64-musl": {
      "version": "14.2.12",
      "resolved": "https://registry.npmjs.org/@next/swc-linux-x64-musl/-/swc-linux-x64-musl-14.2.12.tgz",
      "integrity": "sha512-rFkUkNwcQ0ODn7cxvcVdpHlcOpYxMeyMfkJuzaT74xjAa5v4fxP4xDk5OoYmPi8QNLDs3UgZPMSBmpBuv9zKWA==",
      "optional": true
    },
    "@next/swc-win32-arm64-msvc": {
      "version": "14.2.12",
      "resolved": "https://registry.npmjs.org/@next/swc-win32-arm64-msvc/-/swc-win32-arm64-msvc-14.2.12.tgz",
      "integrity": "sha512-PQFYUvwtHs/u0K85SG4sAdDXYIPXpETf9mcEjWc0R4JmjgMKSDwIU/qfZdavtP6MPNiMjuKGXHCtyhR/M5zo8g==",
      "optional": true
    },
    "@next/swc-win32-ia32-msvc": {
      "version": "14.2.12",
      "resolved": "https://registry.npmjs.org/@next/swc-win32-ia32-msvc/-/swc-win32-ia32-msvc-14.2.12.tgz",
      "integrity": "sha512-FAj2hMlcbeCV546eU2tEv41dcJb4NeqFlSXU/xL/0ehXywHnNpaYajOUvn3P8wru5WyQe6cTZ8fvckj/2XN4Vw==",
      "optional": true
    },
    "@next/swc-win32-x64-msvc": {
      "version": "14.2.12",
      "resolved": "https://registry.npmjs.org/@next/swc-win32-x64-msvc/-/swc-win32-x64-msvc-14.2.12.tgz",
      "integrity": "sha512-yu8QvV53sBzoIVRHsxCHqeuS8jYq6Lrmdh0briivuh+Brsp6xjg80MAozUsBTAV9KNmY08KlX0KYTWz1lbPzEg==",
      "optional": true
    }
  }
}
